
Microsoft Visual Studio Solution File, Format Version 12.00
Project("{FAE04EC0-301F-11D3-BF4B-00C04F79EFBC}") = "RevitPlague", "RevitPlague\RevitPlague.csproj", "{EF51057F-4E2B-4BCB-BFDE-AB81D23F10F5}"
EndProject
Project("{9A19103F-16F7-4668-BE54-9A1E7A4F7556}") = "_build", "build\_build.csproj", "{4C051CB3-6020-4CB1-9B7B-67556E9C6803}"
EndProject
Global
	GlobalSection(SolutionConfigurationPlatforms) = preSolution
		Release R22|Any CPU = Release R22|Any CPU
		Release R24|Any CPU = Release R24|Any CPU
		Release R21|Any CPU = Release R21|Any CPU
		Release R25|Any CPU = Release R25|Any CPU
		Release R23|Any CPU = Release R23|Any CPU
		Debug R21|Any CPU = Debug R21|Any CPU
		Debug R22|Any CPU = Debug R22|Any CPU
		Debug R23|Any CPU = Debug R23|Any CPU
		Debug R24|Any CPU = Debug R24|Any CPU
		Debug R25|Any CPU = Debug R25|Any CPU
		Debug R20|Any CPU = Debug R20|Any CPU
		Release R20|Any CPU = Release R20|Any CPU
	EndGlobalSection
	GlobalSection(ProjectConfigurationPlatforms) = postSolution
		{4C051CB3-6020-4CB1-9B7B-67556E9C6803}.Release R22|Any CPU.ActiveCfg = Release R22|Any CPU
		{4C051CB3-6020-4CB1-9B7B-67556E9C6803}.Release R22|Any CPU.Build.0 = Release R22|Any CPU
		{4C051CB3-6020-4CB1-9B7B-67556E9C6803}.Release R24|Any CPU.ActiveCfg = Release R24|Any CPU
		{4C051CB3-6020-4CB1-9B7B-67556E9C6803}.Release R24|Any CPU.Build.0 = Release R24|Any CPU
		{4C051CB3-6020-4CB1-9B7B-67556E9C6803}.Release R21|Any CPU.ActiveCfg = Release R21|Any CPU
		{4C051CB3-6020-4CB1-9B7B-67556E9C6803}.Release R21|Any CPU.Build.0 = Release R21|Any CPU
		{4C051CB3-6020-4CB1-9B7B-67556E9C6803}.Release R25|Any CPU.ActiveCfg = Release R25|Any CPU
		{4C051CB3-6020-4CB1-9B7B-67556E9C6803}.Release R25|Any CPU.Build.0 = Release R25|Any CPU
		{4C051CB3-6020-4CB1-9B7B-67556E9C6803}.Release R23|Any CPU.ActiveCfg = Release R23|Any CPU
		{4C051CB3-6020-4CB1-9B7B-67556E9C6803}.Release R23|Any CPU.Build.0 = Release R23|Any CPU
		{4C051CB3-6020-4CB1-9B7B-67556E9C6803}.Debug R21|Any CPU.ActiveCfg = Debug R21|Any CPU
		{4C051CB3-6020-4CB1-9B7B-67556E9C6803}.Debug R21|Any CPU.Build.0 = Debug R21|Any CPU
		{4C051CB3-6020-4CB1-9B7B-67556E9C6803}.Debug R22|Any CPU.ActiveCfg = Debug R22|Any CPU
		{4C051CB3-6020-4CB1-9B7B-67556E9C6803}.Debug R22|Any CPU.Build.0 = Debug R22|Any CPU
		{4C051CB3-6020-4CB1-9B7B-67556E9C6803}.Debug R23|Any CPU.ActiveCfg = Debug R23|Any CPU
		{4C051CB3-6020-4CB1-9B7B-67556E9C6803}.Debug R23|Any CPU.Build.0 = Debug R23|Any CPU
		{4C051CB3-6020-4CB1-9B7B-67556E9C6803}.Debug R24|Any CPU.ActiveCfg = Debug R24|Any CPU
		{4C051CB3-6020-4CB1-9B7B-67556E9C6803}.Debug R24|Any CPU.Build.0 = Debug R24|Any CPU
		{4C051CB3-6020-4CB1-9B7B-67556E9C6803}.Debug R25|Any CPU.ActiveCfg = Debug R25|Any CPU
		{4C051CB3-6020-4CB1-9B7B-67556E9C6803}.Debug R25|Any CPU.Build.0 = Debug R25|Any CPU
		{4C051CB3-6020-4CB1-9B7B-67556E9C6803}.Debug R20|Any CPU.ActiveCfg = Debug R20|Any CPU
		{4C051CB3-6020-4CB1-9B7B-67556E9C6803}.Debug R20|Any CPU.Build.0 = Debug R20|Any CPU
		{4C051CB3-6020-4CB1-9B7B-67556E9C6803}.Release R20|Any CPU.ActiveCfg = Release R20|Any CPU
		{4C051CB3-6020-4CB1-9B7B-67556E9C6803}.Release R20|Any CPU.Build.0 = Release R20|Any CPU
		{EF51057F-4E2B-4BCB-BFDE-AB81D23F10F5}.Release R22|Any CPU.ActiveCfg = Release R22|Any CPU
		{EF51057F-4E2B-4BCB-BFDE-AB81D23F10F5}.Release R22|Any CPU.Build.0 = Release R22|Any CPU
		{EF51057F-4E2B-4BCB-BFDE-AB81D23F10F5}.Release R24|Any CPU.ActiveCfg = Release R24|Any CPU
		{EF51057F-4E2B-4BCB-BFDE-AB81D23F10F5}.Release R24|Any CPU.Build.0 = Release R24|Any CPU
		{EF51057F-4E2B-4BCB-BFDE-AB81D23F10F5}.Release R21|Any CPU.ActiveCfg = Release R21|Any CPU
		{EF51057F-4E2B-4BCB-BFDE-AB81D23F10F5}.Release R21|Any CPU.Build.0 = Release R21|Any CPU
		{EF51057F-4E2B-4BCB-BFDE-AB81D23F10F5}.Release R25|Any CPU.ActiveCfg = Release R25|Any CPU
		{EF51057F-4E2B-4BCB-BFDE-AB81D23F10F5}.Release R25|Any CPU.Build.0 = Release R25|Any CPU
		{EF51057F-4E2B-4BCB-BFDE-AB81D23F10F5}.Release R23|Any CPU.ActiveCfg = Release R23|Any CPU
		{EF51057F-4E2B-4BCB-BFDE-AB81D23F10F5}.Release R23|Any CPU.Build.0 = Release R23|Any CPU
		{EF51057F-4E2B-4BCB-BFDE-AB81D23F10F5}.Debug R21|Any CPU.ActiveCfg = Debug R21|Any CPU
		{EF51057F-4E2B-4BCB-BFDE-AB81D23F10F5}.Debug R21|Any CPU.Build.0 = Debug R21|Any CPU
		{EF51057F-4E2B-4BCB-BFDE-AB81D23F10F5}.Debug R22|Any CPU.ActiveCfg = Debug R22|Any CPU
		{EF51057F-4E2B-4BCB-BFDE-AB81D23F10F5}.Debug R22|Any CPU.Build.0 = Debug R22|Any CPU
		{EF51057F-4E2B-4BCB-BFDE-AB81D23F10F5}.Debug R23|Any CPU.ActiveCfg = Debug R23|Any CPU
		{EF51057F-4E2B-4BCB-BFDE-AB81D23F10F5}.Debug R23|Any CPU.Build.0 = Debug R23|Any CPU
		{EF51057F-4E2B-4BCB-BFDE-AB81D23F10F5}.Debug R24|Any CPU.ActiveCfg = Debug R24|Any CPU
		{EF51057F-4E2B-4BCB-BFDE-AB81D23F10F5}.Debug R24|Any CPU.Build.0 = Debug R24|Any CPU
		{EF51057F-4E2B-4BCB-BFDE-AB81D23F10F5}.Debug R25|Any CPU.ActiveCfg = Debug R25|Any CPU
		{EF51057F-4E2B-4BCB-BFDE-AB81D23F10F5}.Debug R25|Any CPU.Build.0 = Debug R25|Any CPU
		{EF51057F-4E2B-4BCB-BFDE-AB81D23F10F5}.Debug R20|Any CPU.ActiveCfg = Debug R20|Any CPU
		{EF51057F-4E2B-4BCB-BFDE-AB81D23F10F5}.Debug R20|Any CPU.Build.0 = Debug R20|Any CPU
		{EF51057F-4E2B-4BCB-BFDE-AB81D23F10F5}.Release R20|Any CPU.ActiveCfg = Release R20|Any CPU
		{EF51057F-4E2B-4BCB-BFDE-AB81D23F10F5}.Release R20|Any CPU.Build.0 = Release R20|Any CPU
	EndGlobalSection
EndGlobal
