
Microsoft Visual Studio Solution File, Format Version 12.00
Project("{FAE04EC0-301F-11D3-BF4B-00C04F79EFBC}") = "RevitPlague", "RevitPlague\RevitPlague.csproj", "{EF51057F-4E2B-4BCB-BFDE-AB81D23F10F5}"
EndProject
Project("{9A19103F-16F7-4668-BE54-9A1E7A4F7556}") = "_build", "build\_build.csproj", "{4C051CB3-6020-4CB1-9B7B-67556E9C6803}"
EndProject
Global
	GlobalSection(SolutionConfigurationPlatforms) = preSolution
		Debug|Any CPU = Debug|Any CPU
		R2022|Any CPU = R2022|Any CPU
		R2024|Any CPU = R2024|Any CPU
	EndGlobalSection
	GlobalSection(ProjectConfigurationPlatforms) = postSolution
		{4C051CB3-6020-4CB1-9B7B-67556E9C6803}.Debug|Any CPU.ActiveCfg = Debug|Any CPU
		{4C051CB3-6020-4CB1-9B7B-67556E9C6803}.Release|Any CPU.ActiveCfg = Release|Any CPU
		{EF51057F-4E2B-4BCB-BFDE-AB81D23F10F5}.Debug|Any CPU.ActiveCfg = Debug|Any CPU
		{EF51057F-4E2B-4BCB-BFDE-AB81D23F10F5}.Debug|Any CPU.Build.0 = Debug|Any CPU
		{EF51057F-4E2B-4BCB-BFDE-AB81D23F10F5}.R2022|Any CPU.ActiveCfg = R2022|Any CPU
		{EF51057F-4E2B-4BCB-BFDE-AB81D23F10F5}.R2022|Any CPU.Build.0 = R2022|Any CPU
		{EF51057F-4E2B-4BCB-BFDE-AB81D23F10F5}.R2024|Any CPU.ActiveCfg = R2024|Any CPU
		{EF51057F-4E2B-4BCB-BFDE-AB81D23F10F5}.R2024|Any CPU.Build.0 = R2024|Any CPU
	EndGlobalSection
EndGlobal
